
Microsoft Visual Studio Solution File, Format Version 12.00
# Visual Studio Version 17
VisualStudioVersion = 17.14.36202.13 d17.14
MinimumVisualStudioVersion = 10.0.40219.1
Project("{FAE04EC0-301F-11D3-BF4B-00C04F79EFBC}") = "BalotoTracker.Api", "BalotoTracker.Api.csproj", "{28C3C9A2-51C2-4D20-97A4-1935B65D5192}"
EndProject
Project("{FAE04EC0-301F-11D3-BF4B-00C04F79EFBC}") = "BalotoTracker.Domain", "..\BalotoTracker.Domain\BalotoTracker.Domain.csproj", "{11957666-8DEA-42B8-9B03-E006897231D2}"
EndProject
Project("{FAE04EC0-301F-11D3-BF4B-00C04F79EFBC}") = "BalotoTracker.Application", "..\BalotoTracker.Application\BalotoTracker.Application.csproj", "{BEBCC884-F30E-451F-8F42-631AAAD6641C}"
EndProject
Project("{FAE04EC0-301F-11D3-BF4B-00C04F79EFBC}") = "BalotoTracker.Infrastructure", "..\BalotoTracker.Infrastructure\BalotoTracker.Infrastructure.csproj", "{23F3EACC-C4C1-4A38-B3E4-2E41AD331243}"
EndProject
Project("{FAE04EC0-301F-11D3-BF4B-00C04F79EFBC}") = "BalotoTracker.Tests", "..\BalotoTracker.Tests\BalotoTracker.Tests.csproj", "{ED4AE44E-A5ED-4AF1-9DD5-03AD9CC3974C}"
EndProject
Global
	GlobalSection(SolutionConfigurationPlatforms) = preSolution
		Debug|Any CPU = Debug|Any CPU
		Release|Any CPU = Release|Any CPU
	EndGlobalSection
	GlobalSection(ProjectConfigurationPlatforms) = postSolution
		{28C3C9A2-51C2-4D20-97A4-1935B65D5192}.Debug|Any CPU.ActiveCfg = Debug|Any CPU
		{28C3C9A2-51C2-4D20-97A4-1935B65D5192}.Debug|Any CPU.Build.0 = Debug|Any CPU
		{28C3C9A2-51C2-4D20-97A4-1935B65D5192}.Release|Any CPU.ActiveCfg = Release|Any CPU
		{28C3C9A2-51C2-4D20-97A4-1935B65D5192}.Release|Any CPU.Build.0 = Release|Any CPU
		{11957666-8DEA-42B8-9B03-E006897231D2}.Debug|Any CPU.ActiveCfg = Debug|Any CPU
		{11957666-8DEA-42B8-9B03-E006897231D2}.Debug|Any CPU.Build.0 = Debug|Any CPU
		{11957666-8DEA-42B8-9B03-E006897231D2}.Release|Any CPU.ActiveCfg = Release|Any CPU
		{11957666-8DEA-42B8-9B03-E006897231D2}.Release|Any CPU.Build.0 = Release|Any CPU
		{BEBCC884-F30E-451F-8F42-631AAAD6641C}.Debug|Any CPU.ActiveCfg = Debug|Any CPU
		{BEBCC884-F30E-451F-8F42-631AAAD6641C}.Debug|Any CPU.Build.0 = Debug|Any CPU
		{BEBCC884-F30E-451F-8F42-631AAAD6641C}.Release|Any CPU.ActiveCfg = Release|Any CPU
		{BEBCC884-F30E-451F-8F42-631AAAD6641C}.Release|Any CPU.Build.0 = Release|Any CPU
		{23F3EACC-C4C1-4A38-B3E4-2E41AD331243}.Debug|Any CPU.ActiveCfg = Debug|Any CPU
		{23F3EACC-C4C1-4A38-B3E4-2E41AD331243}.Debug|Any CPU.Build.0 = Debug|Any CPU
		{23F3EACC-C4C1-4A38-B3E4-2E41AD331243}.Release|Any CPU.ActiveCfg = Release|Any CPU
		{23F3EACC-C4C1-4A38-B3E4-2E41AD331243}.Release|Any CPU.Build.0 = Release|Any CPU
		{ED4AE44E-A5ED-4AF1-9DD5-03AD9CC3974C}.Debug|Any CPU.ActiveCfg = Debug|Any CPU
		{ED4AE44E-A5ED-4AF1-9DD5-03AD9CC3974C}.Debug|Any CPU.Build.0 = Debug|Any CPU
		{ED4AE44E-A5ED-4AF1-9DD5-03AD9CC3974C}.Release|Any CPU.ActiveCfg = Release|Any CPU
		{ED4AE44E-A5ED-4AF1-9DD5-03AD9CC3974C}.Release|Any CPU.Build.0 = Release|Any CPU
	EndGlobalSection
	GlobalSection(SolutionProperties) = preSolution
		HideSolutionNode = FALSE
	EndGlobalSection
	GlobalSection(ExtensibilityGlobals) = postSolution
		SolutionGuid = {14EC64CC-55E4-41A2-B7F4-EFC19E4F99E2}
	EndGlobalSection
EndGlobal
